// !$*UTF8*$!
{
	archiveVersion = 1;
	classes = {
	};
	objectVersion = 56;
	objects = {

/* Begin PBXBuildFile section */
		940BDECD297BEA4200B08F23 /* MainScreenTable.swift in Sources */ = {isa = PBXBuildFile; fileRef = 940BDECC297BEA4200B08F23 /* MainScreenTable.swift */; };
		94782EAC298CF4F4007445DC /* VideoModel.swift in Sources */ = {isa = PBXBuildFile; fileRef = 94782EAB298CF4F4007445DC /* VideoModel.swift */; };
		94D661BC299132CA00BA8560 /* VideoPickerProviderModel.swift in Sources */ = {isa = PBXBuildFile; fileRef = 94D661BB299132CA00BA8560 /* VideoPickerProviderModel.swift */; };
		94D907B8298DA59F00C8BEB6 /* MainScreenVideoCell.swift in Sources */ = {isa = PBXBuildFile; fileRef = 94D907B7298DA59F00C8BEB6 /* MainScreenVideoCell.swift */; };
		94D907BA298DAB9D00C8BEB6 /* MainScreenCellView.xib in Resources */ = {isa = PBXBuildFile; fileRef = 94D907B9298DAB9D00C8BEB6 /* MainScreenCellView.xib */; };
		94D907BC298DBA9E00C8BEB6 /* MonthModel.swift in Sources */ = {isa = PBXBuildFile; fileRef = 94D907BB298DBA9E00C8BEB6 /* MonthModel.swift */; };
		94D907BE298E4C8800C8BEB6 /* CommonNavigationController.swift in Sources */ = {isa = PBXBuildFile; fileRef = 94D907BD298E4C8800C8BEB6 /* CommonNavigationController.swift */; };
		94D907C4298E550D00C8BEB6 /* VideoShowingContoller.swift in Sources */ = {isa = PBXBuildFile; fileRef = 94D907C3298E550D00C8BEB6 /* VideoShowingContoller.swift */; };
		94D907C6298E590500C8BEB6 /* MainScreenWeekDayCellView.xib in Resources */ = {isa = PBXBuildFile; fileRef = 94D907C5298E590500C8BEB6 /* MainScreenWeekDayCellView.xib */; };
		94D907C8298E59D400C8BEB6 /* MainScreenWeekDayCell.swift in Sources */ = {isa = PBXBuildFile; fileRef = 94D907C7298E59D400C8BEB6 /* MainScreenWeekDayCell.swift */; };
		94D907CA298FA6AE00C8BEB6 /* MonthPickerView.swift in Sources */ = {isa = PBXBuildFile; fileRef = 94D907C9298FA6AE00C8BEB6 /* MonthPickerView.swift */; };
		94EFCA252976B6D90095B8D3 /* AppDelegate.swift in Sources */ = {isa = PBXBuildFile; fileRef = 94EFCA242976B6D90095B8D3 /* AppDelegate.swift */; };
		94EFCA272976B6D90095B8D3 /* SceneDelegate.swift in Sources */ = {isa = PBXBuildFile; fileRef = 94EFCA262976B6D90095B8D3 /* SceneDelegate.swift */; };
		94EFCA2C2976B6DA0095B8D3 /* Main.storyboard in Resources */ = {isa = PBXBuildFile; fileRef = 94EFCA2A2976B6DA0095B8D3 /* Main.storyboard */; };
		94EFCA2F2976B6DA0095B8D3 /* BeReal.xcdatamodeld in Sources */ = {isa = PBXBuildFile; fileRef = 94EFCA2D2976B6DA0095B8D3 /* BeReal.xcdatamodeld */; };
		94EFCA312976B6DC0095B8D3 /* Assets.xcassets in Resources */ = {isa = PBXBuildFile; fileRef = 94EFCA302976B6DC0095B8D3 /* Assets.xcassets */; };
		94EFCA342976B6DC0095B8D3 /* LaunchScreen.storyboard in Resources */ = {isa = PBXBuildFile; fileRef = 94EFCA322976B6DC0095B8D3 /* LaunchScreen.storyboard */; };
/* End PBXBuildFile section */

/* Begin PBXFileReference section */
		940BDECC297BEA4200B08F23 /* MainScreenTable.swift */ = {isa = PBXFileReference; lastKnownFileType = sourcecode.swift; path = MainScreenTable.swift; sourceTree = "<group>"; };
		94782EAB298CF4F4007445DC /* VideoModel.swift */ = {isa = PBXFileReference; lastKnownFileType = sourcecode.swift; path = VideoModel.swift; sourceTree = "<group>"; };
		94D661BB299132CA00BA8560 /* VideoPickerProviderModel.swift */ = {isa = PBXFileReference; lastKnownFileType = sourcecode.swift; path = VideoPickerProviderModel.swift; sourceTree = "<group>"; };
		94D907B7298DA59F00C8BEB6 /* MainScreenVideoCell.swift */ = {isa = PBXFileReference; lastKnownFileType = sourcecode.swift; path = MainScreenVideoCell.swift; sourceTree = "<group>"; };
		94D907B9298DAB9D00C8BEB6 /* MainScreenCellView.xib */ = {isa = PBXFileReference; lastKnownFileType = file.xib; path = MainScreenCellView.xib; sourceTree = "<group>"; };
		94D907BB298DBA9E00C8BEB6 /* MonthModel.swift */ = {isa = PBXFileReference; lastKnownFileType = sourcecode.swift; path = MonthModel.swift; sourceTree = "<group>"; };
		94D907BD298E4C8800C8BEB6 /* CommonNavigationController.swift */ = {isa = PBXFileReference; lastKnownFileType = sourcecode.swift; path = CommonNavigationController.swift; sourceTree = "<group>"; };
		94D907C3298E550D00C8BEB6 /* VideoShowingContoller.swift */ = {isa = PBXFileReference; lastKnownFileType = sourcecode.swift; path = VideoShowingContoller.swift; sourceTree = "<group>"; };
		94D907C5298E590500C8BEB6 /* MainScreenWeekDayCellView.xib */ = {isa = PBXFileReference; lastKnownFileType = file.xib; path = MainScreenWeekDayCellView.xib; sourceTree = "<group>"; };
		94D907C7298E59D400C8BEB6 /* MainScreenWeekDayCell.swift */ = {isa = PBXFileReference; lastKnownFileType = sourcecode.swift; path = MainScreenWeekDayCell.swift; sourceTree = "<group>"; };
		94D907C9298FA6AE00C8BEB6 /* MonthPickerView.swift */ = {isa = PBXFileReference; lastKnownFileType = sourcecode.swift; path = MonthPickerView.swift; sourceTree = "<group>"; };
		94EFCA212976B6D90095B8D3 /* BeReal.app */ = {isa = PBXFileReference; explicitFileType = wrapper.application; includeInIndex = 0; path = BeReal.app; sourceTree = BUILT_PRODUCTS_DIR; };
		94EFCA242976B6D90095B8D3 /* AppDelegate.swift */ = {isa = PBXFileReference; lastKnownFileType = sourcecode.swift; path = AppDelegate.swift; sourceTree = "<group>"; };
		94EFCA262976B6D90095B8D3 /* SceneDelegate.swift */ = {isa = PBXFileReference; lastKnownFileType = sourcecode.swift; path = SceneDelegate.swift; sourceTree = "<group>"; };
		94EFCA2B2976B6DA0095B8D3 /* Base */ = {isa = PBXFileReference; lastKnownFileType = file.storyboard; name = Base; path = Base.lproj/Main.storyboard; sourceTree = "<group>"; };
		94EFCA2E2976B6DA0095B8D3 /* BeReal.xcdatamodel */ = {isa = PBXFileReference; lastKnownFileType = wrapper.xcdatamodel; path = BeReal.xcdatamodel; sourceTree = "<group>"; };
		94EFCA302976B6DC0095B8D3 /* Assets.xcassets */ = {isa = PBXFileReference; lastKnownFileType = folder.assetcatalog; path = Assets.xcassets; sourceTree = "<group>"; };
		94EFCA332976B6DC0095B8D3 /* Base */ = {isa = PBXFileReference; lastKnownFileType = file.storyboard; name = Base; path = Base.lproj/LaunchScreen.storyboard; sourceTree = "<group>"; };
		94EFCA352976B6DC0095B8D3 /* Info.plist */ = {isa = PBXFileReference; lastKnownFileType = text.plist.xml; path = Info.plist; sourceTree = "<group>"; };
/* End PBXFileReference section */

/* Begin PBXFrameworksBuildPhase section */
		94EFCA1E2976B6D90095B8D3 /* Frameworks */ = {
			isa = PBXFrameworksBuildPhase;
			buildActionMask = 2147483647;
			files = (
			);
			runOnlyForDeploymentPostprocessing = 0;
		};
/* End PBXFrameworksBuildPhase section */

/* Begin PBXGroup section */
		940BDECE297BEA4C00B08F23 /* MainScreen */ = {
			isa = PBXGroup;
			children = (
				94D907B5298DA54B00C8BEB6 /* View */,
				94D907B6298DA55600C8BEB6 /* ViewModel */,
				94782EAA298CF4E0007445DC /* Models */,
			);
			path = MainScreen;
			sourceTree = "<group>";
		};
		94782EAA298CF4E0007445DC /* Models */ = {
			isa = PBXGroup;
			children = (
				94782EAB298CF4F4007445DC /* VideoModel.swift */,
				94D907BB298DBA9E00C8BEB6 /* MonthModel.swift */,
				94D661BB299132CA00BA8560 /* VideoPickerProviderModel.swift */,
			);
			path = Models;
			sourceTree = "<group>";
		};
		94D907B5298DA54B00C8BEB6 /* View */ = {
			isa = PBXGroup;
			children = (
				94EFCA2A2976B6DA0095B8D3 /* Main.storyboard */,
				94D907B9298DAB9D00C8BEB6 /* MainScreenCellView.xib */,
				94D907C5298E590500C8BEB6 /* MainScreenWeekDayCellView.xib */,
			);
			path = View;
			sourceTree = "<group>";
		};
		94D907B6298DA55600C8BEB6 /* ViewModel */ = {
			isa = PBXGroup;
			children = (
				940BDECC297BEA4200B08F23 /* MainScreenTable.swift */,
				94D907B7298DA59F00C8BEB6 /* MainScreenVideoCell.swift */,
				94D907BD298E4C8800C8BEB6 /* CommonNavigationController.swift */,
				94D907C7298E59D400C8BEB6 /* MainScreenWeekDayCell.swift */,
				94D907C9298FA6AE00C8BEB6 /* MonthPickerView.swift */,
				94D907C3298E550D00C8BEB6 /* VideoShowingContoller.swift */,
			);
			path = ViewModel;
			sourceTree = "<group>";
		};
		94EFCA182976B6D90095B8D3 = {
			isa = PBXGroup;
			children = (
				94EFCA232976B6D90095B8D3 /* BeReal */,
				94EFCA222976B6D90095B8D3 /* Products */,
			);
			sourceTree = "<group>";
		};
		94EFCA222976B6D90095B8D3 /* Products */ = {
			isa = PBXGroup;
			children = (
				94EFCA212976B6D90095B8D3 /* BeReal.app */,
			);
			name = Products;
			sourceTree = "<group>";
		};
		94EFCA232976B6D90095B8D3 /* BeReal */ = {
			isa = PBXGroup;
			children = (
				940BDECE297BEA4C00B08F23 /* MainScreen */,
				94EFCA242976B6D90095B8D3 /* AppDelegate.swift */,
				94EFCA262976B6D90095B8D3 /* SceneDelegate.swift */,
				94EFCA302976B6DC0095B8D3 /* Assets.xcassets */,
				94EFCA322976B6DC0095B8D3 /* LaunchScreen.storyboard */,
				94EFCA352976B6DC0095B8D3 /* Info.plist */,
				94EFCA2D2976B6DA0095B8D3 /* BeReal.xcdatamodeld */,
			);
			path = BeReal;
			sourceTree = "<group>";
		};
/* End PBXGroup section */

/* Begin PBXNativeTarget section */
		94EFCA202976B6D90095B8D3 /* BeReal */ = {
			isa = PBXNativeTarget;
			buildConfigurationList = 94EFCA382976B6DC0095B8D3 /* Build configuration list for PBXNativeTarget "BeReal" */;
			buildPhases = (
				94EFCA1D2976B6D90095B8D3 /* Sources */,
				94EFCA1E2976B6D90095B8D3 /* Frameworks */,
				94EFCA1F2976B6D90095B8D3 /* Resources */,
			);
			buildRules = (
			);
			dependencies = (
			);
			name = BeReal;
			productName = BeReal;
			productReference = 94EFCA212976B6D90095B8D3 /* BeReal.app */;
			productType = "com.apple.product-type.application";
		};
/* End PBXNativeTarget section */

/* Begin PBXProject section */
		94EFCA192976B6D90095B8D3 /* Project object */ = {
			isa = PBXProject;
			attributes = {
				BuildIndependentTargetsInParallel = 1;
				LastSwiftUpdateCheck = 1420;
				LastUpgradeCheck = 1420;
				TargetAttributes = {
					94EFCA202976B6D90095B8D3 = {
						CreatedOnToolsVersion = 14.2;
					};
				};
			};
			buildConfigurationList = 94EFCA1C2976B6D90095B8D3 /* Build configuration list for PBXProject "BeReal" */;
			compatibilityVersion = "Xcode 14.0";
			developmentRegion = en;
			hasScannedForEncodings = 0;
			knownRegions = (
				en,
				Base,
			);
			mainGroup = 94EFCA182976B6D90095B8D3;
			productRefGroup = 94EFCA222976B6D90095B8D3 /* Products */;
			projectDirPath = "";
			projectRoot = "";
			targets = (
				94EFCA202976B6D90095B8D3 /* BeReal */,
			);
		};
/* End PBXProject section */

/* Begin PBXResourcesBuildPhase section */
		94EFCA1F2976B6D90095B8D3 /* Resources */ = {
			isa = PBXResourcesBuildPhase;
			buildActionMask = 2147483647;
			files = (
				94EFCA342976B6DC0095B8D3 /* LaunchScreen.storyboard in Resources */,
				94EFCA312976B6DC0095B8D3 /* Assets.xcassets in Resources */,
				94D907C6298E590500C8BEB6 /* MainScreenWeekDayCellView.xib in Resources */,
				94D907BA298DAB9D00C8BEB6 /* MainScreenCellView.xib in Resources */,
				94EFCA2C2976B6DA0095B8D3 /* Main.storyboard in Resources */,
			);
			runOnlyForDeploymentPostprocessing = 0;
		};
/* End PBXResourcesBuildPhase section */

/* Begin PBXSourcesBuildPhase section */
		94EFCA1D2976B6D90095B8D3 /* Sources */ = {
			isa = PBXSourcesBuildPhase;
			buildActionMask = 2147483647;
			files = (
				94782EAC298CF4F4007445DC /* VideoModel.swift in Sources */,
				94D907BE298E4C8800C8BEB6 /* CommonNavigationController.swift in Sources */,
				94EFCA252976B6D90095B8D3 /* AppDelegate.swift in Sources */,
				94D661BC299132CA00BA8560 /* VideoPickerProviderModel.swift in Sources */,
				940BDECD297BEA4200B08F23 /* MainScreenTable.swift in Sources */,
				94D907BC298DBA9E00C8BEB6 /* MonthModel.swift in Sources */,
				94EFCA2F2976B6DA0095B8D3 /* BeReal.xcdatamodeld in Sources */,
				94D907B8298DA59F00C8BEB6 /* MainScreenVideoCell.swift in Sources */,
				94D907C4298E550D00C8BEB6 /* VideoShowingContoller.swift in Sources */,
				94D907CA298FA6AE00C8BEB6 /* MonthPickerView.swift in Sources */,
				94EFCA272976B6D90095B8D3 /* SceneDelegate.swift in Sources */,
				94D907C8298E59D400C8BEB6 /* MainScreenWeekDayCell.swift in Sources */,
			);
			runOnlyForDeploymentPostprocessing = 0;
		};
/* End PBXSourcesBuildPhase section */

/* Begin PBXVariantGroup section */
		94EFCA2A2976B6DA0095B8D3 /* Main.storyboard */ = {
			isa = PBXVariantGroup;
			children = (
				94EFCA2B2976B6DA0095B8D3 /* Base */,
			);
			name = Main.storyboard;
			sourceTree = "<group>";
		};
		94EFCA322976B6DC0095B8D3 /* LaunchScreen.storyboard */ = {
			isa = PBXVariantGroup;
			children = (
				94EFCA332976B6DC0095B8D3 /* Base */,
			);
			name = LaunchScreen.storyboard;
			sourceTree = "<group>";
		};
/* End PBXVariantGroup section */

/* Begin XCBuildConfiguration section */
		94EFCA362976B6DC0095B8D3 /* Debug */ = {
			isa = XCBuildConfiguration;
			buildSettings = {
				ALWAYS_SEARCH_USER_PATHS = NO;
				CLANG_ANALYZER_NONNULL = YES;
				CLANG_ANALYZER_NUMBER_OBJECT_CONVERSION = YES_AGGRESSIVE;
				CLANG_CXX_LANGUAGE_STANDARD = "gnu++20";
				CLANG_ENABLE_MODULES = YES;
				CLANG_ENABLE_OBJC_ARC = YES;
				CLANG_ENABLE_OBJC_WEAK = YES;
				CLANG_WARN_BLOCK_CAPTURE_AUTORELEASING = YES;
				CLANG_WARN_BOOL_CONVERSION = YES;
				CLANG_WARN_COMMA = YES;
				CLANG_WARN_CONSTANT_CONVERSION = YES;
				CLANG_WARN_DEPRECATED_OBJC_IMPLEMENTATIONS = YES;
				CLANG_WARN_DIRECT_OBJC_ISA_USAGE = YES_ERROR;
				CLANG_WARN_DOCUMENTATION_COMMENTS = YES;
				CLANG_WARN_EMPTY_BODY = YES;
				CLANG_WARN_ENUM_CONVERSION = YES;
				CLANG_WARN_INFINITE_RECURSION = YES;
				CLANG_WARN_INT_CONVERSION = YES;
				CLANG_WARN_NON_LITERAL_NULL_CONVERSION = YES;
				CLANG_WARN_OBJC_IMPLICIT_RETAIN_SELF = YES;
				CLANG_WARN_OBJC_LITERAL_CONVERSION = YES;
				CLANG_WARN_OBJC_ROOT_CLASS = YES_ERROR;
				CLANG_WARN_QUOTED_INCLUDE_IN_FRAMEWORK_HEADER = YES;
				CLANG_WARN_RANGE_LOOP_ANALYSIS = YES;
				CLANG_WARN_STRICT_PROTOTYPES = YES;
				CLANG_WARN_SUSPICIOUS_MOVE = YES;
				CLANG_WARN_UNGUARDED_AVAILABILITY = YES_AGGRESSIVE;
				CLANG_WARN_UNREACHABLE_CODE = YES;
				CLANG_WARN__DUPLICATE_METHOD_MATCH = YES;
				COPY_PHASE_STRIP = NO;
				DEBUG_INFORMATION_FORMAT = dwarf;
				ENABLE_STRICT_OBJC_MSGSEND = YES;
				ENABLE_TESTABILITY = YES;
				GCC_C_LANGUAGE_STANDARD = gnu11;
				GCC_DYNAMIC_NO_PIC = NO;
				GCC_NO_COMMON_BLOCKS = YES;
				GCC_OPTIMIZATION_LEVEL = 0;
				GCC_PREPROCESSOR_DEFINITIONS = (
					"DEBUG=1",
					"$(inherited)",
				);
				GCC_WARN_64_TO_32_BIT_CONVERSION = YES;
				GCC_WARN_ABOUT_RETURN_TYPE = YES_ERROR;
				GCC_WARN_UNDECLARED_SELECTOR = YES;
				GCC_WARN_UNINITIALIZED_AUTOS = YES_AGGRESSIVE;
				GCC_WARN_UNUSED_FUNCTION = YES;
				GCC_WARN_UNUSED_VARIABLE = YES;
				IPHONEOS_DEPLOYMENT_TARGET = 16.2;
				MTL_ENABLE_DEBUG_INFO = INCLUDE_SOURCE;
				MTL_FAST_MATH = YES;
				ONLY_ACTIVE_ARCH = YES;
				SDKROOT = iphoneos;
				SWIFT_ACTIVE_COMPILATION_CONDITIONS = DEBUG;
				SWIFT_OPTIMIZATION_LEVEL = "-Onone";
			};
			name = Debug;
		};
		94EFCA372976B6DC0095B8D3 /* Release */ = {
			isa = XCBuildConfiguration;
			buildSettings = {
				ALWAYS_SEARCH_USER_PATHS = NO;
				CLANG_ANALYZER_NONNULL = YES;
				CLANG_ANALYZER_NUMBER_OBJECT_CONVERSION = YES_AGGRESSIVE;
				CLANG_CXX_LANGUAGE_STANDARD = "gnu++20";
				CLANG_ENABLE_MODULES = YES;
				CLANG_ENABLE_OBJC_ARC = YES;
				CLANG_ENABLE_OBJC_WEAK = YES;
				CLANG_WARN_BLOCK_CAPTURE_AUTORELEASING = YES;
				CLANG_WARN_BOOL_CONVERSION = YES;
				CLANG_WARN_COMMA = YES;
				CLANG_WARN_CONSTANT_CONVERSION = YES;
				CLANG_WARN_DEPRECATED_OBJC_IMPLEMENTATIONS = YES;
				CLANG_WARN_DIRECT_OBJC_ISA_USAGE = YES_ERROR;
				CLANG_WARN_DOCUMENTATION_COMMENTS = YES;
				CLANG_WARN_EMPTY_BODY = YES;
				CLANG_WARN_ENUM_CONVERSION = YES;
				CLANG_WARN_INFINITE_RECURSION = YES;
				CLANG_WARN_INT_CONVERSION = YES;
				CLANG_WARN_NON_LITERAL_NULL_CONVERSION = YES;
				CLANG_WARN_OBJC_IMPLICIT_RETAIN_SELF = YES;
				CLANG_WARN_OBJC_LITERAL_CONVERSION = YES;
				CLANG_WARN_OBJC_ROOT_CLASS = YES_ERROR;
				CLANG_WARN_QUOTED_INCLUDE_IN_FRAMEWORK_HEADER = YES;
				CLANG_WARN_RANGE_LOOP_ANALYSIS = YES;
				CLANG_WARN_STRICT_PROTOTYPES = YES;
				CLANG_WARN_SUSPICIOUS_MOVE = YES;
				CLANG_WARN_UNGUARDED_AVAILABILITY = YES_AGGRESSIVE;
				CLANG_WARN_UNREACHABLE_CODE = YES;
				CLANG_WARN__DUPLICATE_METHOD_MATCH = YES;
				COPY_PHASE_STRIP = NO;
				DEBUG_INFORMATION_FORMAT = "dwarf-with-dsym";
				ENABLE_NS_ASSERTIONS = NO;
				ENABLE_STRICT_OBJC_MSGSEND = YES;
				GCC_C_LANGUAGE_STANDARD = gnu11;
				GCC_NO_COMMON_BLOCKS = YES;
				GCC_WARN_64_TO_32_BIT_CONVERSION = YES;
				GCC_WARN_ABOUT_RETURN_TYPE = YES_ERROR;
				GCC_WARN_UNDECLARED_SELECTOR = YES;
				GCC_WARN_UNINITIALIZED_AUTOS = YES_AGGRESSIVE;
				GCC_WARN_UNUSED_FUNCTION = YES;
				GCC_WARN_UNUSED_VARIABLE = YES;
				IPHONEOS_DEPLOYMENT_TARGET = 16.2;
				MTL_ENABLE_DEBUG_INFO = NO;
				MTL_FAST_MATH = YES;
				SDKROOT = iphoneos;
				SWIFT_COMPILATION_MODE = wholemodule;
				SWIFT_OPTIMIZATION_LEVEL = "-O";
				VALIDATE_PRODUCT = YES;
			};
			name = Release;
		};
		94EFCA392976B6DC0095B8D3 /* Debug */ = {
			isa = XCBuildConfiguration;
			buildSettings = {
				ASSETCATALOG_COMPILER_APPICON_NAME = AppIcon;
				ASSETCATALOG_COMPILER_GLOBAL_ACCENT_COLOR_NAME = AccentColor;
				CODE_SIGN_STYLE = Automatic;
				CURRENT_PROJECT_VERSION = 1;
				DEVELOPMENT_TEAM = "";
				GENERATE_INFOPLIST_FILE = YES;
				INFOPLIST_FILE = BeReal/Info.plist;
				INFOPLIST_KEY_CFBundleDisplayName = BeReal;
				INFOPLIST_KEY_NSCameraUsageDescription = "To capture videos";
				INFOPLIST_KEY_NSMicrophoneUsageDescription = "To capture videos";
				INFOPLIST_KEY_NSPhotoLibraryAddUsageDescription = "To store videos and other data";
				INFOPLIST_KEY_UIApplicationSupportsIndirectInputEvents = YES;
				INFOPLIST_KEY_UILaunchStoryboardName = LaunchScreen;
				INFOPLIST_KEY_UIMainStoryboardFile = Main;
				INFOPLIST_KEY_UIStatusBarStyle = UIStatusBarStyleDarkContent;
				INFOPLIST_KEY_UISupportedInterfaceOrientations = UIInterfaceOrientationPortrait;
				INFOPLIST_KEY_UISupportedInterfaceOrientations_iPad = "UIInterfaceOrientationLandscapeLeft UIInterfaceOrientationLandscapeRight UIInterfaceOrientationPortrait UIInterfaceOrientationPortraitUpsideDown";
				LD_RUNPATH_SEARCH_PATHS = (
					"$(inherited)",
					"@executable_path/Frameworks",
				);
				MARKETING_VERSION = 1.0;
				PRODUCT_BUNDLE_IDENTIFIER = VadimPopov.BeReal;
				PRODUCT_NAME = "$(TARGET_NAME)";
				SWIFT_EMIT_LOC_STRINGS = YES;
				SWIFT_VERSION = 5.0;
				TARGETED_DEVICE_FAMILY = "1,2";
			};
			name = Debug;
		};
		94EFCA3A2976B6DC0095B8D3 /* Release */ = {
			isa = XCBuildConfiguration;
			buildSettings = {
				ASSETCATALOG_COMPILER_APPICON_NAME = AppIcon;
				ASSETCATALOG_COMPILER_GLOBAL_ACCENT_COLOR_NAME = AccentColor;
				CODE_SIGN_STYLE = Automatic;
				CURRENT_PROJECT_VERSION = 1;
				DEVELOPMENT_TEAM = "";
				GENERATE_INFOPLIST_FILE = YES;
				INFOPLIST_FILE = BeReal/Info.plist;
				INFOPLIST_KEY_CFBundleDisplayName = BeReal;
				INFOPLIST_KEY_NSCameraUsageDescription = "To capture videos";
				INFOPLIST_KEY_NSMicrophoneUsageDescription = "To capture videos";
				INFOPLIST_KEY_NSPhotoLibraryAddUsageDescription = "To store videos and other data";
				INFOPLIST_KEY_UIApplicationSupportsIndirectInputEvents = YES;
				INFOPLIST_KEY_UILaunchStoryboardName = LaunchScreen;
				INFOPLIST_KEY_UIMainStoryboardFile = Main;
				INFOPLIST_KEY_UIStatusBarStyle = UIStatusBarStyleDarkContent;
				INFOPLIST_KEY_UISupportedInterfaceOrientations = UIInterfaceOrientationPortrait;
				INFOPLIST_KEY_UISupportedInterfaceOrientations_iPad = "UIInterfaceOrientationLandscapeLeft UIInterfaceOrientationLandscapeRight UIInterfaceOrientationPortrait UIInterfaceOrientationPortraitUpsideDown";
				LD_RUNPATH_SEARCH_PATHS = (
					"$(inherited)",
					"@executable_path/Frameworks",
				);
				MARKETING_VERSION = 1.0;
				PRODUCT_BUNDLE_IDENTIFIER = VadimPopov.BeReal;
				PRODUCT_NAME = "$(TARGET_NAME)";
				SWIFT_EMIT_LOC_STRINGS = YES;
				SWIFT_VERSION = 5.0;
				TARGETED_DEVICE_FAMILY = "1,2";
			};
			name = Release;
		};
/* End XCBuildConfiguration section */

/* Begin XCConfigurationList section */
		94EFCA1C2976B6D90095B8D3 /* Build configuration list for PBXProject "BeReal" */ = {
			isa = XCConfigurationList;
			buildConfigurations = (
				94EFCA362976B6DC0095B8D3 /* Debug */,
				94EFCA372976B6DC0095B8D3 /* Release */,
			);
			defaultConfigurationIsVisible = 0;
			defaultConfigurationName = Release;
		};
		94EFCA382976B6DC0095B8D3 /* Build configuration list for PBXNativeTarget "BeReal" */ = {
			isa = XCConfigurationList;
			buildConfigurations = (
				94EFCA392976B6DC0095B8D3 /* Debug */,
				94EFCA3A2976B6DC0095B8D3 /* Release */,
			);
			defaultConfigurationIsVisible = 0;
			defaultConfigurationName = Release;
		};
/* End XCConfigurationList section */

/* Begin XCVersionGroup section */
		94EFCA2D2976B6DA0095B8D3 /* BeReal.xcdatamodeld */ = {
			isa = XCVersionGroup;
			children = (
				94EFCA2E2976B6DA0095B8D3 /* BeReal.xcdatamodel */,
			);
			currentVersion = 94EFCA2E2976B6DA0095B8D3 /* BeReal.xcdatamodel */;
			path = BeReal.xcdatamodeld;
			sourceTree = "<group>";
			versionGroupType = wrapper.xcdatamodel;
		};
/* End XCVersionGroup section */
	};
	rootObject = 94EFCA192976B6D90095B8D3 /* Project object */;
}
